# THIS IS AN AUTOGENERATED FILE. DO NOT EDIT THIS FILE DIRECTLY.
# yarn lockfile v1


"@replit/connectors-sdk@^0.4.1":
  version "0.4.2"
  resolved "http://package-firewall.replit.local/npm/@replit/connectors-sdk/-/connectors-sdk-0.4.2.tgz#0ed5562e40d7dc35c3528e0ab781da6d9ead3a27"
  integrity sha512-1FZsc7IWsvtogvTiWJod58cWmdebk5O7Qu5cbe3xp1CVSErmZxKmti5AIgMtKTcuCaFiGQ4JkKWDcPed69PRDg==

prettier@^3.9.6:
  version "3.9.6"
  resolved "http://package-firewall.replit.local/npm/prettier/-/prettier-3.9.6.tgz#b3ea5146515d40fc53f18aa63f74dfab1e10dbf6"
  integrity sha512-OpN0zzVdiaiAhxpuuj5efpIS4sY9j7bY6uR5mnj5yPzGkdkjNKSJeUThPb60Jw29QuAZgA4o+/iB49kFiaBX6g==

typescript@~5.9.3:
  version "5.9.3"
  resolved "http://package-firewall.replit.local/npm/typescript/-/typescript-5.9.3.tgz#5b4f59e15310ab17a216f5d6cf53ee476ede670f"
  integrity sha512-jl1vZzPDinLr9eUt3J/t7V6FgNEw9QjvBPdysz9KfQDD41fQrC2Y4vKQdiaUpFT4bXlb1RHhLpp8wtm6M5TgSw==
